
Microsoft Visual Studio Solution File, Format Version 12.00
# Visual Studio Version 16
VisualStudioVersion = 16.0.31729.503
MinimumVisualStudioVersion = 10.0.40219.1
Project("{FAE04EC0-301F-11D3-BF4B-00C04F79EFBC}") = "Sponsorship.DAL", "Sponsorship.DAL\Sponsorship.DAL.csproj", "{C86219A4-8524-4B69-AF25-0D7393303E8E}"
EndProject
Project("{FAE04EC0-301F-11D3-BF4B-00C04F79EFBC}") = "Sponsorship.BLL", "Sponsorship.BLL\Sponsorship.BLL.csproj", "{8401ACC4-D6CC-4320-A067-C522DEF31464}"
EndProject
Project("{FAE04EC0-301F-11D3-BF4B-00C04F79EFBC}") = "Sponsorship.BO", "Sponsorship.BO\Sponsorship.BO.csproj", "{0AB6E97B-5BE9-4D2B-BB89-27E9B5932AB6}"
EndProject
Project("{FAE04EC0-301F-11D3-BF4B-00C04F79EFBC}") = "Sponsorship.ConsoleApp", "Sponsorship.ConsoleApp\Sponsorship.ConsoleApp.csproj", "{F807E9ED-E3FD-4FC1-A3A4-BD2E615A6549}"
EndProject
Project("{FAE04EC0-301F-11D3-BF4B-00C04F79EFBC}") = "Sponsorship.WinForms", "Sponsorship.WinForms\Sponsorship.WinForms.csproj", "{BF6335C4-9C92-4DAC-B35D-6DEC4B181234}"
EndProject
Global
	GlobalSection(SolutionConfigurationPlatforms) = preSolution
		Debug|Any CPU = Debug|Any CPU
		Release|Any CPU = Release|Any CPU
	EndGlobalSection
	GlobalSection(ProjectConfigurationPlatforms) = postSolution
		{C86219A4-8524-4B69-AF25-0D7393303E8E}.Debug|Any CPU.ActiveCfg = Debug|Any CPU
		{C86219A4-8524-4B69-AF25-0D7393303E8E}.Debug|Any CPU.Build.0 = Debug|Any CPU
		{C86219A4-8524-4B69-AF25-0D7393303E8E}.Release|Any CPU.ActiveCfg = Release|Any CPU
		{C86219A4-8524-4B69-AF25-0D7393303E8E}.Release|Any CPU.Build.0 = Release|Any CPU
		{8401ACC4-D6CC-4320-A067-C522DEF31464}.Debug|Any CPU.ActiveCfg = Debug|Any CPU
		{8401ACC4-D6CC-4320-A067-C522DEF31464}.Debug|Any CPU.Build.0 = Debug|Any CPU
		{8401ACC4-D6CC-4320-A067-C522DEF31464}.Release|Any CPU.ActiveCfg = Release|Any CPU
		{8401ACC4-D6CC-4320-A067-C522DEF31464}.Release|Any CPU.Build.0 = Release|Any CPU
		{0AB6E97B-5BE9-4D2B-BB89-27E9B5932AB6}.Debug|Any CPU.ActiveCfg = Debug|Any CPU
		{0AB6E97B-5BE9-4D2B-BB89-27E9B5932AB6}.Debug|Any CPU.Build.0 = Debug|Any CPU
		{0AB6E97B-5BE9-4D2B-BB89-27E9B5932AB6}.Release|Any CPU.ActiveCfg = Release|Any CPU
		{0AB6E97B-5BE9-4D2B-BB89-27E9B5932AB6}.Release|Any CPU.Build.0 = Release|Any CPU
		{F807E9ED-E3FD-4FC1-A3A4-BD2E615A6549}.Debug|Any CPU.ActiveCfg = Debug|Any CPU
		{F807E9ED-E3FD-4FC1-A3A4-BD2E615A6549}.Debug|Any CPU.Build.0 = Debug|Any CPU
		{F807E9ED-E3FD-4FC1-A3A4-BD2E615A6549}.Release|Any CPU.ActiveCfg = Release|Any CPU
		{F807E9ED-E3FD-4FC1-A3A4-BD2E615A6549}.Release|Any CPU.Build.0 = Release|Any CPU
		{BF6335C4-9C92-4DAC-B35D-6DEC4B181234}.Debug|Any CPU.ActiveCfg = Debug|Any CPU
		{BF6335C4-9C92-4DAC-B35D-6DEC4B181234}.Debug|Any CPU.Build.0 = Debug|Any CPU
		{BF6335C4-9C92-4DAC-B35D-6DEC4B181234}.Release|Any CPU.ActiveCfg = Release|Any CPU
		{BF6335C4-9C92-4DAC-B35D-6DEC4B181234}.Release|Any CPU.Build.0 = Release|Any CPU
	EndGlobalSection
	GlobalSection(SolutionProperties) = preSolution
		HideSolutionNode = FALSE
	EndGlobalSection
	GlobalSection(ExtensibilityGlobals) = postSolution
		SolutionGuid = {C44D1A6D-1AC8-468F-B7DA-E45A86FF98C5}
	EndGlobalSection
EndGlobal
